
Microsoft Visual Studio Solution File, Format Version 12.00
# Visual Studio Version 17
VisualStudioVersion = 17.5.33502.453
MinimumVisualStudioVersion = 10.0.40219.1
Project("{FAE04EC0-301F-11D3-BF4B-00C04F79EFBC}") = "Tarea2_PrograAv", "Tarea2_PrograAv\Tarea2_PrograAv.csproj", "{D782775E-C2A7-4C6B-97C2-9356C74B6E1B}"
EndProject
Global
	GlobalSection(SolutionConfigurationPlatforms) = preSolution
		Debug|Any CPU = Debug|Any CPU
		Release|Any CPU = Release|Any CPU
	EndGlobalSection
	GlobalSection(ProjectConfigurationPlatforms) = postSolution
		{D782775E-C2A7-4C6B-97C2-9356C74B6E1B}.Debug|Any CPU.ActiveCfg = Debug|Any CPU
		{D782775E-C2A7-4C6B-97C2-9356C74B6E1B}.Debug|Any CPU.Build.0 = Debug|Any CPU
		{D782775E-C2A7-4C6B-97C2-9356C74B6E1B}.Release|Any CPU.ActiveCfg = Release|Any CPU
		{D782775E-C2A7-4C6B-97C2-9356C74B6E1B}.Release|Any CPU.Build.0 = Release|Any CPU
	EndGlobalSection
	GlobalSection(SolutionProperties) = preSolution
		HideSolutionNode = FALSE
	EndGlobalSection
	GlobalSection(ExtensibilityGlobals) = postSolution
		SolutionGuid = {8D947A19-FBA7-4DD2-8333-CEA2423BFD76}
	EndGlobalSection
EndGlobal
